
Microsoft Visual Studio Solution File, Format Version 12.00
# Visual Studio Version 16
VisualStudioVersion = 16.0.30114.105
MinimumVisualStudioVersion = 10.0.40219.1
Project("{FAE04EC0-301F-11D3-BF4B-00C04F79EFBC}") = "MyDotNetApp.WebAPI", "MyDotNetApp.WebAPI\MyDotNetApp.WebAPI.csproj", "{A0FF6E29-610A-481B-B4C4-2C51A6FFF3AB}"
EndProject
Global
	GlobalSection(SolutionConfigurationPlatforms) = preSolution
		Debug|Any CPU = Debug|Any CPU
		Release|Any CPU = Release|Any CPU
	EndGlobalSection
	GlobalSection(SolutionProperties) = preSolution
		HideSolutionNode = FALSE
	EndGlobalSection
	GlobalSection(ProjectConfigurationPlatforms) = postSolution
		{A0FF6E29-610A-481B-B4C4-2C51A6FFF3AB}.Debug|Any CPU.ActiveCfg = Debug|Any CPU
		{A0FF6E29-610A-481B-B4C4-2C51A6FFF3AB}.Debug|Any CPU.Build.0 = Debug|Any CPU
		{A0FF6E29-610A-481B-B4C4-2C51A6FFF3AB}.Release|Any CPU.ActiveCfg = Release|Any CPU
		{A0FF6E29-610A-481B-B4C4-2C51A6FFF3AB}.Release|Any CPU.Build.0 = Release|Any CPU
	EndGlobalSection
EndGlobal
